<?xml version="1.0" encoding="utf-8"?>
<Project ToolsVersion="4.0" xmlns="http://schemas.microsoft.com/developer/msbuild/2003">
  <ItemGroup>
    <Filter Include="ソース ファイル">
      <UniqueIdentifier>{4FC737F1-C7A5-4376-A066-2A32D752A2FF}</UniqueIdentifier>
      <Extensions>cpp;c;cc;cxx;c++;cppm;ixx;def;odl;idl;hpj;bat;asm;asmx</Extensions>
    </Filter>
    <Filter Include="ヘッダー ファイル">
      <UniqueIdentifier>{93995380-89BD-4b04-88EB-625FBE52EBFB}</UniqueIdentifier>
      <Extensions>h;hh;hpp;hxx;h++;hm;inl;inc;ipp;xsd</Extensions>
    </Filter>
    <Filter Include="リソース ファイル">
      <UniqueIdentifier>{67DA6AB6-F800-4c08-8B7A-83BB121AAD01}</UniqueIdentifier>
      <Extensions>rc;ico;cur;bmp;dlg;rc2;rct;bin;rgs;gif;jpg;jpeg;jpe;resx;tiff;tif;png;wav;mfcribbon-ms</Extensions>
    </Filter>
    <Filter Include="ソース ファイル\Platform">
      <UniqueIdentifier>{a1538d75-728b-4ff3-b275-1f7cc6192309}</UniqueIdentifier>
    </Filter>
    <Filter Include="ソース ファイル\TomoEngine">
      <UniqueIdentifier>{9438747e-76e2-4b10-b133-63f361d171d6}</UniqueIdentifier>
    </Filter>
    <Filter Include="ソース ファイル\TomoEngine\Modules">
      <UniqueIdentifier>{1be06861-ff90-4d88-ae63-f507fa5364c8}</UniqueIdentifier>
    </Filter>
    <Filter Include="ソース ファイル\TomoEngine\Modules\ECS">
      <UniqueIdentifier>{fc6dbac0-f89f-4c50-b8ab-733a2d5950a6}</UniqueIdentifier>
    </Filter>
    <Filter Include="HLSL">
      <UniqueIdentifier>{08e648fc-4d31-425c-a433-8147f8239b5a}</UniqueIdentifier>
    </Filter>
    <Filter Include="ソース ファイル\TomoEngine\Engine">
      <UniqueIdentifier>{1419dfca-e037-4fb4-b00a-4eaa458bb359}</UniqueIdentifier>
    </Filter>
    <Filter Include="ソース ファイル\TomoEngine\Engine\Core">
      <UniqueIdentifier>{ba307411-7b11-4ff5-a23d-0f60f4af6d0e}</UniqueIdentifier>
    </Filter>
    <Filter Include="ソース ファイル\TomoEngine\Engine\Core\Base">
      <UniqueIdentifier>{e4c1c672-77ff-4e5c-83f0-7cc64b662976}</UniqueIdentifier>
    </Filter>
    <Filter Include="ソース ファイル\TomoEngine\Engine\Core\Utility">
      <UniqueIdentifier>{06a66cd2-2449-4beb-82a9-39dc9ceac9d1}</UniqueIdentifier>
    </Filter>
    <Filter Include="ソース ファイル\TomoEngine\Engine\Core\Utility\Logger">
      <UniqueIdentifier>{c4e1e17f-b50a-4436-96fd-8d0c0187ceb2}</UniqueIdentifier>
    </Filter>
    <Filter Include="ソース ファイル\TomoEngine\Engine\Core\Utility\ConvertString">
      <UniqueIdentifier>{e26cf8e9-89e9-4c7f-a02e-5c87f66330e4}</UniqueIdentifier>
    </Filter>
    <Filter Include="ソース ファイル\TomoEngine\Engine\Core\Utility\Texture">
      <UniqueIdentifier>{ad9a6852-d45b-4438-9c51-7a285f6a083a}</UniqueIdentifier>
    </Filter>
    <Filter Include="ソース ファイル\TomoEngine\Engine\Core\Modules">
      <UniqueIdentifier>{5801cd85-66c5-463d-8b0f-ddd258fccc11}</UniqueIdentifier>
    </Filter>
    <Filter Include="ソース ファイル\TomoEngine\Engine\Math">
      <UniqueIdentifier>{9fdd2e5d-1f6b-4602-8bfe-c968c7153148}</UniqueIdentifier>
    </Filter>
    <Filter Include="ソース ファイル\TomoEngine\Engine\Math\3D">
      <UniqueIdentifier>{41dbc3aa-ebef-471d-acec-5872c5bbef2a}</UniqueIdentifier>
    </Filter>
    <Filter Include="ソース ファイル\TomoEngine\Engine\Math\3D\Vector4">
      <UniqueIdentifier>{af1c39b0-bd2a-4398-98dd-410cf6253210}</UniqueIdentifier>
    </Filter>
    <Filter Include="ソース ファイル\TomoEngine\Engine\Math\3D\Vector3">
      <UniqueIdentifier>{171cbc73-379c-40e9-b605-23c1dd6e779f}</UniqueIdentifier>
    </Filter>
    <Filter Include="ソース ファイル\TomoEngine\Engine\Math\3D\Matrix4x4">
      <UniqueIdentifier>{f1dba974-593c-45bf-892f-1d4065a39f76}</UniqueIdentifier>
    </Filter>
    <Filter Include="ソース ファイル\TomoEngine\Engine\Math\3D\Affine3D">
      <UniqueIdentifier>{1d6157d0-586a-4bf7-b9fa-04d08f00369d}</UniqueIdentifier>
    </Filter>
    <Filter Include="ソース ファイル\TomoEngine\Engine\Math\2D">
      <UniqueIdentifier>{04c0e317-e419-46f9-8a68-8ff19ba52d26}</UniqueIdentifier>
    </Filter>
    <Filter Include="ソース ファイル\TomoEngine\Engine\RHI">
      <UniqueIdentifier>{eafeaeec-6e35-4b1c-9194-32341abd92ac}</UniqueIdentifier>
    </Filter>
    <Filter Include="ソース ファイル\TomoEngine\Engine\RHI\Common">
      <UniqueIdentifier>{20181aae-f6ff-4ea6-a6c6-d0218adb88f3}</UniqueIdentifier>
    </Filter>
    <Filter Include="ソース ファイル\TomoEngine\Engine\RHI\D3D12">
      <UniqueIdentifier>{05a7fe67-d6d3-4613-a118-5416bd08e79f}</UniqueIdentifier>
    </Filter>
    <Filter Include="ソース ファイル\TomoEngine\Engine\RHI\D3D12\Resources">
      <UniqueIdentifier>{ead719d7-b655-471f-9688-6fa90a627512}</UniqueIdentifier>
    </Filter>
    <Filter Include="ソース ファイル\TomoEngine\Engine\RHI\D3D12\Resources\ResourceObject">
      <UniqueIdentifier>{789a514a-43ed-4767-97fe-cae369ef54c0}</UniqueIdentifier>
    </Filter>
    <Filter Include="ソース ファイル\TomoEngine\Engine\RHI\D3D12\Resources\Texture">
      <UniqueIdentifier>{84bfea6e-8d86-4119-8d01-bae8d6a81141}</UniqueIdentifier>
    </Filter>
    <Filter Include="ソース ファイル\TomoEngine\Engine\RHI\D3D12\Resources\Buffer">
      <UniqueIdentifier>{620e5468-473a-4db2-8f26-8d3100861694}</UniqueIdentifier>
    </Filter>
    <Filter Include="ソース ファイル\TomoEngine\Engine\RHI\D3D12\SwawpChain">
      <UniqueIdentifier>{3e27d77a-02b9-4571-b6c8-a6edbcb3c90f}</UniqueIdentifier>
    </Filter>
    <Filter Include="ソース ファイル\TomoEngine\Engine\RHI\D3D12\Device">
      <UniqueIdentifier>{742dcc95-f425-4092-bd4d-dfca3c52c7f9}</UniqueIdentifier>
    </Filter>
    <Filter Include="ソース ファイル\TomoEngine\Engine\RHI\D3D12\Descriptor">
      <UniqueIdentifier>{b4a5afb6-20ec-4784-adb2-07516bc6c5cc}</UniqueIdentifier>
    </Filter>
    <Filter Include="ソース ファイル\TomoEngine\Engine\RHI\D3D12\Debug">
      <UniqueIdentifier>{6c01730e-74a5-48bf-aa44-c78cd3d3e39c}</UniqueIdentifier>
    </Filter>
    <Filter Include="ソース ファイル\TomoEngine\Engine\Renderer">
      <UniqueIdentifier>{bce174ad-74ee-4acb-a91f-13c8272a427c}</UniqueIdentifier>
    </Filter>
    <Filter Include="ソース ファイル\TomoEngine\Engine\Renderer\Common">
      <UniqueIdentifier>{91855c43-3945-400d-89ca-a92e72df2afe}</UniqueIdentifier>
    </Filter>
    <Filter Include="ソース ファイル\TomoEngine\Engine\Renderer\Sprite">
      <UniqueIdentifier>{a43f22fe-b4eb-4eb9-b705-c3f595ba2cb3}</UniqueIdentifier>
    </Filter>
    <Filter Include="ソース ファイル\TomoEngine\Engine\Renderer\Mesh">
      <UniqueIdentifier>{94386f03-8005-4e15-bd02-bdc35ba72791}</UniqueIdentifier>
    </Filter>
    <Filter Include="ソース ファイル\TomoEngine\Engine\Renderer\ImGui">
      <UniqueIdentifier>{232907ed-2c1c-4c8b-8f3d-2d5f4468ed4a}</UniqueIdentifier>
    </Filter>
    <Filter Include="ソース ファイル\TomoEngine\Engine\UI">
      <UniqueIdentifier>{95406799-07c8-4c86-8c3a-b9c5507f3d1b}</UniqueIdentifier>
    </Filter>
    <Filter Include="ソース ファイル\TomoEngine\Engine\Scene">
      <UniqueIdentifier>{fc416806-8094-40b4-973c-360490a0f61b}</UniqueIdentifier>
    </Filter>
    <Filter Include="ソース ファイル\TomoEngine\Engine\Scene\SceneManager">
      <UniqueIdentifier>{20f73fc0-5eec-4cdd-bb20-86b9550ecbe5}</UniqueIdentifier>
    </Filter>
    <Filter Include="ソース ファイル\TomoEngine\Engine\Scene\Scene">
      <UniqueIdentifier>{49371879-32a4-4d13-92c7-09d604e42aff}</UniqueIdentifier>
    </Filter>
    <Filter Include="ソース ファイル\TomoEngine\Engine\Scene\IScene">
      <UniqueIdentifier>{99bf4dbd-e46e-4774-9c05-80d6e6ec1db1}</UniqueIdentifier>
    </Filter>
    <Filter Include="ソース ファイル\TomoEngine\Engine\Audio">
      <UniqueIdentifier>{6e7b36a4-9342-42ae-84bd-fbfd601e4fbe}</UniqueIdentifier>
    </Filter>
    <Filter Include="ソース ファイル\TomoEngine\Engine\Game">
      <UniqueIdentifier>{81042953-1896-4e44-be70-9419a52ddd0f}</UniqueIdentifier>
    </Filter>
    <Filter Include="ソース ファイル\TomoEngine\Engine\Game\Object">
      <UniqueIdentifier>{0fc30f1e-a5a8-45d4-9aad-bc44d135078b}</UniqueIdentifier>
    </Filter>
    <Filter Include="ソース ファイル\TomoEngine\Engine\Asset">
      <UniqueIdentifier>{61d35ff0-6b19-4a28-a3d9-40c697507fb9}</UniqueIdentifier>
    </Filter>
    <Filter Include="ソース ファイル\TomoEngine\Engine\RHI\D3D12\Resources\Shader">
      <UniqueIdentifier>{b5b554da-98d7-4966-9df9-18778841b23b}</UniqueIdentifier>
    </Filter>
    <Filter Include="ソース ファイル\TomoEngine\Engine\Renderer\VertexData">
      <UniqueIdentifier>{a90c5693-680f-4c2c-92ef-1ee35636d400}</UniqueIdentifier>
    </Filter>
    <Filter Include="ソース ファイル\TomoEngine\Engine\Core\Model">
      <UniqueIdentifier>{c18040c1-1534-4f3d-a7b6-0f13ce6a4c4e}</UniqueIdentifier>
    </Filter>
    <Filter Include="ソース ファイル\TomoEngine\Engine\Asset\Loder">
      <UniqueIdentifier>{d15c73c1-7503-4b3c-8204-334186818645}</UniqueIdentifier>
    </Filter>
    <Filter Include="ソース ファイル\TomoEngine\Engine\Asset\Loder\LoadObjFile">
      <UniqueIdentifier>{87517771-a577-4090-9e80-cb717928cddc}</UniqueIdentifier>
    </Filter>
    <Filter Include="ソース ファイル\TomoEngine\Engine\Asset\Loder\MaterialData">
      <UniqueIdentifier>{1f33bca7-0fa9-4dc7-8912-29ae865e9761}</UniqueIdentifier>
    </Filter>
    <Filter Include="ソース ファイル\TomoEngine\Engine\Core\Platform">
      <UniqueIdentifier>{2aa1aa33-032a-4f3d-9524-26be36c5796f}</UniqueIdentifier>
    </Filter>
    <Filter Include="ソース ファイル\TomoEngine\Engine\Core\Platform\Windows">
      <UniqueIdentifier>{e23d2304-8f2c-4844-8cd5-d58effe1e931}</UniqueIdentifier>
    </Filter>
    <Filter Include="ソース ファイル\TomoEngine\Engine\Core\Platform\Windows\Window">
      <UniqueIdentifier>{e3b6df88-7164-4872-8386-9eee27e8aec8}</UniqueIdentifier>
    </Filter>
    <Filter Include="ソース ファイル\TomoEngine\Engine\Core\Platform\Windows\Window\Input">
      <UniqueIdentifier>{a18929cd-b3b8-4468-becb-60adafafa909}</UniqueIdentifier>
    </Filter>
    <Filter Include="ソース ファイル\TomoEngine\Engine\Core\Platform\Windows\Window\Input\Pad">
      <UniqueIdentifier>{5c83266d-c898-4998-93a8-6859aef1721d}</UniqueIdentifier>
    </Filter>
    <Filter Include="ソース ファイル\TomoEngine\Engine\Core\Platform\Windows\Window\Input\InputManager">
      <UniqueIdentifier>{a056d393-866d-4e90-b7c0-978128397f84}</UniqueIdentifier>
    </Filter>
    <Filter Include="ソース ファイル\TomoEngine\Engine\RHI\D3D12\GraphicsCore">
      <UniqueIdentifier>{67c41400-1c65-4344-b483-5bb5fdcc3650}</UniqueIdentifier>
    </Filter>
    <Filter Include="ソース ファイル\TomoEngine\Engine\RHI\D3D12\Shader">
      <UniqueIdentifier>{d0b7f919-b138-4a4e-8e5e-4c492338c969}</UniqueIdentifier>
    </Filter>
    <Filter Include="ソース ファイル\TomoEngine\Engine\RHI\D3D12\Shader\CompileShader">
      <UniqueIdentifier>{36e52b68-4805-40c9-8fe8-5a7d58061a2a}</UniqueIdentifier>
    </Filter>
    <Filter Include="ソース ファイル\TomoEngine\Engine\Renderer\RenderTypes">
      <UniqueIdentifier>{4aebddd4-ca7f-4829-a6dc-37e94c4aab82}</UniqueIdentifier>
    </Filter>
    <Filter Include="ソース ファイル\TomoEngine\Engine\RHI\D3D12\Resources\ResourcesUtility">
      <UniqueIdentifier>{cf93abf6-3a56-4703-a449-6c153fab5b4b}</UniqueIdentifier>
    </Filter>
    <Filter Include="ソース ファイル\TomoEngine\Engine\RHI\D3D12\Descriptor\DescriptorUtility">
      <UniqueIdentifier>{5934376c-1004-475f-9ceb-0884aa79992a}</UniqueIdentifier>
    </Filter>
    <Filter Include="ソース ファイル\TomoEngine\Engine\Math\Geometry">
      <UniqueIdentifier>{85f127cf-b308-4484-b7f6-cfc59d34ad74}</UniqueIdentifier>
    </Filter>
    <Filter Include="ソース ファイル\TomoEngine\Engine\Math\3D\Camera">
      <UniqueIdentifier>{b5893e5a-ac5b-46c6-818f-47fdf71f28c7}</UniqueIdentifier>
    </Filter>
    <Filter Include="ソース ファイル\TomoEngine\Engine\Math\3D\Transform">
      <UniqueIdentifier>{8c2d6632-26be-4a15-9a6c-9c8aadc8c25e}</UniqueIdentifier>
    </Filter>
    <Filter Include="ソース ファイル\TomoEngine\Engine\Asset\Model">
      <UniqueIdentifier>{fbde2133-9e75-4d5f-9526-25f204f718fa}</UniqueIdentifier>
    </Filter>
    <Filter Include="ソース ファイル\TomoEngine\Engine\Core\Command">
      <UniqueIdentifier>{b3d2a8a0-37b7-45b9-87c9-48e40ee0890c}</UniqueIdentifier>
    </Filter>
    <Filter Include="ソース ファイル\TomoEngine\Engine\Core\Command\CommandQueue">
      <UniqueIdentifier>{48f3ed5f-9eac-4896-879f-f79a8c5092e4}</UniqueIdentifier>
    </Filter>
    <Filter Include="ソース ファイル\TomoEngine\Engine\Core\Command\CommandListManager">
      <UniqueIdentifier>{bd950618-a503-4d33-9cde-8476d7279eb5}</UniqueIdentifier>
    </Filter>
    <Filter Include="ソース ファイル\TomoEngine\Engine\Core\Command\CommandContext">
      <UniqueIdentifier>{474841b5-d437-4c99-92c0-668b301c05c3}</UniqueIdentifier>
    </Filter>
    <Filter Include="ソース ファイル\TomoEngine\Engine\Core\Descriptor">
      <UniqueIdentifier>{4c9c98d1-3e0d-4c44-90f0-0243531161c2}</UniqueIdentifier>
    </Filter>
    <Filter Include="ソース ファイル\TomoEngine\Engine\Core\GpuResource">
      <UniqueIdentifier>{7107c6ef-d27c-492d-bbf7-d981c99f2510}</UniqueIdentifier>
    </Filter>
    <Filter Include="ソース ファイル\TomoEngine\Engine\Core\PixelBuffer">
      <UniqueIdentifier>{e991cc58-54d2-4963-b6c8-91dfd33c5bd0}</UniqueIdentifier>
    </Filter>
    <Filter Include="ソース ファイル\TomoEngine\Engine\Core\ColorBuffer">
      <UniqueIdentifier>{16bac512-5b43-4e6f-bbfd-345952c65f37}</UniqueIdentifier>
    </Filter>
    <Filter Include="ソース ファイル\TomoEngine\Engine\Core\DepthBuffer">
      <UniqueIdentifier>{84fb8c1b-1556-44b8-9908-bce47f919378}</UniqueIdentifier>
    </Filter>
    <Filter Include="ソース ファイル\TomoEngine\Engine\Core\TextureManager">
      <UniqueIdentifier>{6dcdd3fd-d40d-4622-bc8c-55f5462fe18b}</UniqueIdentifier>
    </Filter>
  </ItemGroup>
  <ItemGroup>
    <ClCompile Include="main.cpp">
      <Filter>ソース ファイル</Filter>
    </ClCompile>
    <ClCompile Include="Logger.cpp">
      <Filter>ソース ファイル\TomoEngine\Engine\Core\Utility\Logger</Filter>
    </ClCompile>
    <ClCompile Include="Game.cpp">
      <Filter>ソース ファイル\TomoEngine\Engine\Game</Filter>
    </ClCompile>
    <ClCompile Include="ConvertString.cpp">
      <Filter>ソース ファイル\TomoEngine\Engine\Core\Utility\ConvertString</Filter>
    </ClCompile>
    <ClCompile Include="RendererDX12.cpp">
      <Filter>ソース ファイル\TomoEngine\Engine\Core\Modules</Filter>
    </ClCompile>
    <ClCompile Include="Vector3.cpp">
      <Filter>ソース ファイル\TomoEngine\Engine\Math\3D\Vector3</Filter>
    </ClCompile>
    <ClCompile Include="Vector4.cpp">
      <Filter>ソース ファイル\TomoEngine\Engine\Math\3D\Vector4</Filter>
    </ClCompile>
    <ClCompile Include="Matrix4x4.cpp">
      <Filter>ソース ファイル\TomoEngine\Engine\Math\3D\Matrix4x4</Filter>
    </ClCompile>
    <ClCompile Include="Affine3D.cpp">
      <Filter>ソース ファイル\TomoEngine\Engine\Math\3D\Affine3D</Filter>
    </ClCompile>
    <ClCompile Include="Vector2.cpp">
      <Filter>ソース ファイル\TomoEngine\Engine\Math\2D</Filter>
    </ClCompile>
    <ClCompile Include="TomoEngine.cpp">
      <Filter>ソース ファイル\TomoEngine\Engine</Filter>
    </ClCompile>
    <ClCompile Include="externals\imgui\imgui.cpp">
      <Filter>ソース ファイル\TomoEngine\Engine\Renderer\ImGui</Filter>
    </ClCompile>
    <ClCompile Include="externals\imgui\imgui_demo.cpp">
      <Filter>ソース ファイル\TomoEngine\Engine\Renderer\ImGui</Filter>
    </ClCompile>
    <ClCompile Include="externals\imgui\imgui_draw.cpp">
      <Filter>ソース ファイル\TomoEngine\Engine\Renderer\ImGui</Filter>
    </ClCompile>
    <ClCompile Include="externals\imgui\imgui_impl_dx12.cpp">
      <Filter>ソース ファイル\TomoEngine\Engine\Renderer\ImGui</Filter>
    </ClCompile>
    <ClCompile Include="externals\imgui\imgui_impl_win32.cpp">
      <Filter>ソース ファイル\TomoEngine\Engine\Renderer\ImGui</Filter>
    </ClCompile>
    <ClCompile Include="externals\imgui\imgui_tables.cpp">
      <Filter>ソース ファイル\TomoEngine\Engine\Renderer\ImGui</Filter>
    </ClCompile>
    <ClCompile Include="externals\imgui\imgui_widgets.cpp">
      <Filter>ソース ファイル\TomoEngine\Engine\Renderer\ImGui</Filter>
    </ClCompile>
    <ClCompile Include="ResourceObject.cpp">
      <Filter>ソース ファイル\TomoEngine\Engine\RHI\D3D12\Resources\ResourceObject</Filter>
    </ClCompile>
    <ClCompile Include="DescriptorHeapHelper.cpp">
      <Filter>ソース ファイル\TomoEngine\Engine\RHI\D3D12\Device</Filter>
    </ClCompile>
    <ClCompile Include="ModelData.cpp">
      <Filter>ソース ファイル\TomoEngine\Engine\Asset\Loder</Filter>
    </ClCompile>
    <ClCompile Include="LoadObjFile.cpp">
      <Filter>ソース ファイル\TomoEngine\Engine\Asset\Loder\LoadObjFile</Filter>
    </ClCompile>
    <ClCompile Include="InputManager.cpp">
      <Filter>ソース ファイル\TomoEngine\Engine\Core\Platform\Windows\Window\Input\InputManager</Filter>
    </ClCompile>
    <ClCompile Include="Pad.cpp">
      <Filter>ソース ファイル\TomoEngine\Engine\Core\Platform\Windows\Window\Input\Pad</Filter>
    </ClCompile>
    <ClCompile Include="LoadMaterialTemplateFile.cpp">
      <Filter>ソース ファイル\TomoEngine\Engine\Asset\Loder\MaterialData</Filter>
    </ClCompile>
    <ClCompile Include="Window.cpp">
      <Filter>ソース ファイル\TomoEngine\Engine\Core\Platform\Windows\Window</Filter>
    </ClCompile>
    <ClCompile Include="GraphicsCore.cpp">
      <Filter>ソース ファイル\TomoEngine\Engine\RHI\D3D12\GraphicsCore</Filter>
    </ClCompile>
    <ClCompile Include="CompileShader.cpp">
      <Filter>ソース ファイル\TomoEngine\Engine\RHI\D3D12\Shader\CompileShader</Filter>
    </ClCompile>
    <ClCompile Include="ResourcesUtility.cpp">
      <Filter>ソース ファイル\TomoEngine\Engine\RHI\D3D12\Resources\ResourcesUtility</Filter>
    </ClCompile>
    <ClCompile Include="DescriptorUtility.cpp">
      <Filter>ソース ファイル\TomoEngine\Engine\RHI\D3D12\Descriptor\DescriptorUtility</Filter>
    </ClCompile>
    <ClCompile Include="CommandQueue.cpp">
      <Filter>ソース ファイル\TomoEngine\Engine\Core\Command\CommandQueue</Filter>
    </ClCompile>
    <ClCompile Include="CommandContext.cpp">
      <Filter>ソース ファイル\TomoEngine\Engine\Core\Command\CommandContext</Filter>
    </ClCompile>
    <ClCompile Include="Player.cpp">
      <Filter>ソース ファイル\TomoEngine\Engine\Game\Object</Filter>
    </ClCompile>
    <ClCompile Include="Transform.cpp">
      <Filter>ソース ファイル\TomoEngine\Engine\Math\3D\Transform</Filter>
    </ClCompile>
    <ClCompile Include="Camera.cpp">
      <Filter>ソース ファイル\TomoEngine\Engine\Math\3D\Camera</Filter>
    </ClCompile>
    <ClCompile Include="Model.cpp">
      <Filter>ソース ファイル\TomoEngine\Engine\Asset\Model</Filter>
    </ClCompile>
    <ClCompile Include="CommandListManager.cpp">
      <Filter>ソース ファイル\TomoEngine\Engine\Core\Command\CommandListManager</Filter>
    </ClCompile>
    <ClCompile Include="DescriptorHeap.cpp">
      <Filter>ソース ファイル\TomoEngine\Engine\Core\Descriptor</Filter>
    </ClCompile>
    <ClCompile Include="DepthBuffer.cpp">
      <Filter>ソース ファイル\TomoEngine\Engine\Core\DepthBuffer</Filter>
    </ClCompile>
    <ClCompile Include="ColorBuffer.cpp">
      <Filter>ソース ファイル\TomoEngine\Engine\Core\ColorBuffer</Filter>
    </ClCompile>
    <ClCompile Include="TextureManager.cpp">
      <Filter>ソース ファイル\TomoEngine\Engine\Core\TextureManager</Filter>
    </ClCompile>
    <ClCompile Include="Sphere.cpp">
      <Filter>ソース ファイル\TomoEngine\Engine\Math\Geometry</Filter>
    </ClCompile>
    <ClCompile Include="GraphicsPipeline.cpp">
      <Filter>ソース ファイル</Filter>
    </ClCompile>
    <ClCompile Include="GameScene.cpp">
      <Filter>ソース ファイル</Filter>
    </ClCompile>
    <ClCompile Include="WorldTransform.cpp">
      <Filter>ソース ファイル\TomoEngine\Engine\Math\3D</Filter>
    </ClCompile>
  </ItemGroup>
  <ItemGroup>
    <ClInclude Include="Logger.h">
      <Filter>ソース ファイル\TomoEngine\Engine\Core\Utility\Logger</Filter>
    </ClInclude>
    <ClInclude Include="Core.h">
      <Filter>ソース ファイル\TomoEngine\Engine\Core</Filter>
    </ClInclude>
    <ClInclude Include="Utility.h">
      <Filter>ソース ファイル\TomoEngine\Engine\Core\Utility</Filter>
    </ClInclude>
    <ClInclude Include="Game.h">
      <Filter>ソース ファイル\TomoEngine\Engine\Game</Filter>
    </ClInclude>
    <ClInclude Include="ConvertString.h">
      <Filter>ソース ファイル\TomoEngine\Engine\Core\Utility\ConvertString</Filter>
    </ClInclude>
    <ClInclude Include="RendererDX12.h">
      <Filter>ソース ファイル\TomoEngine\Engine\Core\Modules</Filter>
    </ClInclude>
    <ClInclude Include="Math.h">
      <Filter>ソース ファイル\TomoEngine\Engine\Math</Filter>
    </ClInclude>
    <ClInclude Include="Vector3.h">
      <Filter>ソース ファイル\TomoEngine\Engine\Math\3D\Vector3</Filter>
    </ClInclude>
    <ClInclude Include="Vector4.h">
      <Filter>ソース ファイル\TomoEngine\Engine\Math\3D\Vector4</Filter>
    </ClInclude>
    <ClInclude Include="Matrix4x4.h">
      <Filter>ソース ファイル\TomoEngine\Engine\Math\3D\Matrix4x4</Filter>
    </ClInclude>
    <ClInclude Include="Affine3D.h">
      <Filter>ソース ファイル\TomoEngine\Engine\Math\3D\Affine3D</Filter>
    </ClInclude>
    <ClInclude Include="LoadTexture.h">
      <Filter>ソース ファイル\TomoEngine\Engine\Core\Utility\Texture</Filter>
    </ClInclude>
    <ClInclude Include="Vector2.h">
      <Filter>ソース ファイル\TomoEngine\Engine\Math\2D</Filter>
    </ClInclude>
    <ClInclude Include="TomoEngine.h">
      <Filter>ソース ファイル\TomoEngine\Engine</Filter>
    </ClInclude>
    <ClInclude Include="externals\imgui\imconfig.h">
      <Filter>ソース ファイル\TomoEngine\Engine\Renderer\ImGui</Filter>
    </ClInclude>
    <ClInclude Include="externals\imgui\imgui.h">
      <Filter>ソース ファイル\TomoEngine\Engine\Renderer\ImGui</Filter>
    </ClInclude>
    <ClInclude Include="externals\imgui\imgui_impl_dx12.h">
      <Filter>ソース ファイル\TomoEngine\Engine\Renderer\ImGui</Filter>
    </ClInclude>
    <ClInclude Include="externals\imgui\imgui_impl_win32.h">
      <Filter>ソース ファイル\TomoEngine\Engine\Renderer\ImGui</Filter>
    </ClInclude>
    <ClInclude Include="externals\imgui\imgui_internal.h">
      <Filter>ソース ファイル\TomoEngine\Engine\Renderer\ImGui</Filter>
    </ClInclude>
    <ClInclude Include="externals\imgui\imstb_rectpack.h">
      <Filter>ソース ファイル\TomoEngine\Engine\Renderer\ImGui</Filter>
    </ClInclude>
    <ClInclude Include="externals\imgui\imstb_textedit.h">
      <Filter>ソース ファイル\TomoEngine\Engine\Renderer\ImGui</Filter>
    </ClInclude>
    <ClInclude Include="externals\imgui\imstb_truetype.h">
      <Filter>ソース ファイル\TomoEngine\Engine\Renderer\ImGui</Filter>
    </ClInclude>
    <ClInclude Include="ResourceObject.h">
      <Filter>ソース ファイル\TomoEngine\Engine\RHI\D3D12\Resources\ResourceObject</Filter>
    </ClInclude>
    <ClInclude Include="D3D12Includes.h">
      <Filter>ソース ファイル\TomoEngine\Engine\RHI\D3D12</Filter>
    </ClInclude>
    <ClInclude Include="ResourcesIncludes.h">
      <Filter>ソース ファイル\TomoEngine\Engine\RHI\D3D12\Resources</Filter>
    </ClInclude>
    <ClInclude Include="DescriptorHeapHelper.h">
      <Filter>ソース ファイル\TomoEngine\Engine\RHI\D3D12\Device</Filter>
    </ClInclude>
    <ClInclude Include="VertexData.h">
      <Filter>ソース ファイル\TomoEngine\Engine\Renderer\VertexData</Filter>
    </ClInclude>
    <ClInclude Include="ModelData.h">
      <Filter>ソース ファイル\TomoEngine\Engine\Asset\Loder</Filter>
    </ClInclude>
    <ClInclude Include="LoadObjFile.h">
      <Filter>ソース ファイル\TomoEngine\Engine\Asset\Loder\LoadObjFile</Filter>
    </ClInclude>
    <ClInclude Include="InputManager.h">
      <Filter>ソース ファイル\TomoEngine\Engine\Core\Platform\Windows\Window\Input\InputManager</Filter>
    </ClInclude>
    <ClInclude Include="Pad.h">
      <Filter>ソース ファイル\TomoEngine\Engine\Core\Platform\Windows\Window\Input\Pad</Filter>
    </ClInclude>
    <ClInclude Include="MaterialData.h">
      <Filter>ソース ファイル\TomoEngine\Engine\Asset\Loder\MaterialData</Filter>
    </ClInclude>
    <ClInclude Include="LoadMaterialTemplateFile.h">
      <Filter>ソース ファイル\TomoEngine\Engine\Asset\Loder\MaterialData</Filter>
    </ClInclude>
    <ClInclude Include="Window.h">
      <Filter>ソース ファイル\TomoEngine\Engine\Core\Platform\Windows\Window</Filter>
    </ClInclude>
    <ClInclude Include="GraphicsCore.h">
      <Filter>ソース ファイル\TomoEngine\Engine\RHI\D3D12\GraphicsCore</Filter>
    </ClInclude>
    <ClInclude Include="D3DResourceLeakChecker.h">
      <Filter>ソース ファイル\TomoEngine\Engine\RHI\D3D12\Debug</Filter>
    </ClInclude>
    <ClInclude Include="CompileShader.h">
      <Filter>ソース ファイル\TomoEngine\Engine\RHI\D3D12\Shader\CompileShader</Filter>
    </ClInclude>
    <ClInclude Include="Material.h">
      <Filter>ソース ファイル\TomoEngine\Engine\Renderer\RenderTypes</Filter>
    </ClInclude>
    <ClInclude Include="TransformationMatrix.h">
      <Filter>ソース ファイル\TomoEngine\Engine\Renderer\RenderTypes</Filter>
    </ClInclude>
    <ClInclude Include="DirectionalLight.h">
      <Filter>ソース ファイル\TomoEngine\Engine\Renderer\RenderTypes</Filter>
    </ClInclude>
    <ClInclude Include="RenderTypes.h">
      <Filter>ソース ファイル\TomoEngine\Engine\Renderer\RenderTypes</Filter>
    </ClInclude>
    <ClInclude Include="Renderer.h">
      <Filter>ソース ファイル\TomoEngine\Engine\Renderer</Filter>
    </ClInclude>
    <ClInclude Include="ResourcesUtility.h">
      <Filter>ソース ファイル\TomoEngine\Engine\RHI\D3D12\Resources\ResourcesUtility</Filter>
    </ClInclude>
    <ClInclude Include="DescriptorUtility.h">
      <Filter>ソース ファイル\TomoEngine\Engine\RHI\D3D12\Descriptor\DescriptorUtility</Filter>
    </ClInclude>
    <ClInclude Include="Sphere.h">
      <Filter>ソース ファイル\TomoEngine\Engine\Math\Geometry</Filter>
    </ClInclude>
    <ClInclude Include="CommandQueue.h">
      <Filter>ソース ファイル\TomoEngine\Engine\Core\Command\CommandQueue</Filter>
    </ClInclude>
    <ClInclude Include="CommandContext.h">
      <Filter>ソース ファイル\TomoEngine\Engine\Core\Command\CommandContext</Filter>
    </ClInclude>
    <ClInclude Include="Player.h">
      <Filter>ソース ファイル\TomoEngine\Engine\Game\Object</Filter>
    </ClInclude>
    <ClInclude Include="Transform.h">
      <Filter>ソース ファイル\TomoEngine\Engine\Math\3D\Transform</Filter>
    </ClInclude>
    <ClInclude Include="Camera.h">
      <Filter>ソース ファイル\TomoEngine\Engine\Math\3D\Camera</Filter>
    </ClInclude>
    <ClInclude Include="Model.h">
      <Filter>ソース ファイル\TomoEngine\Engine\Asset\Model</Filter>
    </ClInclude>
    <ClInclude Include="CommandListManager.h">
      <Filter>ソース ファイル\TomoEngine\Engine\Core\Command\CommandListManager</Filter>
    </ClInclude>
    <ClInclude Include="GpuResource.h">
      <Filter>ソース ファイル\TomoEngine\Engine\Core\GpuResource</Filter>
    </ClInclude>
    <ClInclude Include="DescriptorHeap.h">
      <Filter>ソース ファイル\TomoEngine\Engine\Core\Descriptor</Filter>
    </ClInclude>
    <ClInclude Include="PixelBuffer.h">
      <Filter>ソース ファイル\TomoEngine\Engine\Core\PixelBuffer</Filter>
    </ClInclude>
    <ClInclude Include="DepthBuffer.h">
      <Filter>ソース ファイル\TomoEngine\Engine\Core\DepthBuffer</Filter>
    </ClInclude>
    <ClInclude Include="ColorBuffer.h">
      <Filter>ソース ファイル\TomoEngine\Engine\Core\ColorBuffer</Filter>
    </ClInclude>
    <ClInclude Include="TextureManager.h">
      <Filter>ソース ファイル\TomoEngine\Engine\Core\TextureManager</Filter>
    </ClInclude>
    <ClInclude Include="GraphicsPipeline.h">
      <Filter>ヘッダー ファイル</Filter>
    </ClInclude>
    <ClInclude Include="IScene.h">
      <Filter>ヘッダー ファイル</Filter>
    </ClInclude>
    <ClInclude Include="GameScene.h">
      <Filter>ヘッダー ファイル</Filter>
    </ClInclude>
    <ClInclude Include="WorldTransform.h">
      <Filter>ソース ファイル\TomoEngine\Engine\Math\3D</Filter>
    </ClInclude>
  </ItemGroup>
  <ItemGroup>
    <FxCompile Include="Object3d.VS.hlsl">
      <Filter>HLSL</Filter>
    </FxCompile>
    <FxCompile Include="Object3d.PS.hlsl">
      <Filter>HLSL</Filter>
    </FxCompile>
    <FxCompile Include="Particle.PS.hlsl">
      <Filter>HLSL</Filter>
    </FxCompile>
    <FxCompile Include="Particle.VS.hlsl">
      <Filter>HLSL</Filter>
    </FxCompile>
  </ItemGroup>
  <ItemGroup>
    <None Include="Object3d.hlsli">
      <Filter>HLSL</Filter>
    </None>
    <None Include="Particle.hlsli">
      <Filter>HLSL</Filter>
    </None>
  </ItemGroup>
  <ItemGroup>
    <Text Include="externals\imgui\LICENSE.txt">
      <Filter>ソース ファイル\TomoEngine\Engine\Renderer\ImGui</Filter>
    </Text>
  </ItemGroup>
</Project>